// !$*UTF8*$!
{
	archiveVersion = 1;
	classes = {
	};
	objectVersion = 46;
	objects = {

/* Begin PBXBuildFile section */
		091087371F43E1C50083B241 /* HomeTableviewController.m in Sources */ = {isa = PBXBuildFile; fileRef = 091087341F43E1C50083B241 /* HomeTableviewController.m */; };
		091087381F43E1C50083B241 /* ShareViewController.m in Sources */ = {isa = PBXBuildFile; fileRef = 091087361F43E1C50083B241 /* ShareViewController.m */; };
		0910873B1F43E2EE0083B241 /* KeyChianViewController.m in Sources */ = {isa = PBXBuildFile; fileRef = 0910873A1F43E2EE0083B241 /* KeyChianViewController.m */; };
		0910873F1F43E3B40083B241 /* KeyChianWrapper.m in Sources */ = {isa = PBXBuildFile; fileRef = 0910873E1F43E3B40083B241 /* KeyChianWrapper.m */; settings = {COMPILER_FLAGS = "-fno-objc-arc"; }; };
		091087411F43E3E30083B241 /* Security.framework in Frameworks */ = {isa = PBXBuildFile; fileRef = 091087401F43E3E30083B241 /* Security.framework */; };
		09CBBCC41F3AD6E5008430C4 /* main.m in Sources */ = {isa = PBXBuildFile; fileRef = 09CBBCC31F3AD6E5008430C4 /* main.m */; };
		09CBBCC71F3AD6E5008430C4 /* AppDelegate.m in Sources */ = {isa = PBXBuildFile; fileRef = 09CBBCC61F3AD6E5008430C4 /* AppDelegate.m */; };
		09CBBCCD1F3AD6E5008430C4 /* Main.storyboard in Resources */ = {isa = PBXBuildFile; fileRef = 09CBBCCB1F3AD6E5008430C4 /* Main.storyboard */; };
		09CBBCCF1F3AD6E5008430C4 /* Assets.xcassets in Resources */ = {isa = PBXBuildFile; fileRef = 09CBBCCE1F3AD6E5008430C4 /* Assets.xcassets */; };
		09CBBCD21F3AD6E5008430C4 /* LaunchScreen.storyboard in Resources */ = {isa = PBXBuildFile; fileRef = 09CBBCD01F3AD6E5008430C4 /* LaunchScreen.storyboard */; };
		09CBBCFC1F3AD985008430C4 /* CustomNavController.m in Sources */ = {isa = PBXBuildFile; fileRef = 09CBBCFB1F3AD985008430C4 /* CustomNavController.m */; };
		09CBBD031F3ADA38008430C4 /* UIImage+LYZ.m in Sources */ = {isa = PBXBuildFile; fileRef = 09CBBD021F3ADA38008430C4 /* UIImage+LYZ.m */; };
		A2057447035917EF5947EE21 /* libPods-HXYStudyDemo.a in Frameworks */ = {isa = PBXBuildFile; fileRef = C6EEC437F058591FF62A1AAF /* libPods-HXYStudyDemo.a */; };
/* End PBXBuildFile section */

/* Begin PBXFileReference section */
		091087331F43E1C50083B241 /* HomeTableviewController.h */ = {isa = PBXFileReference; fileEncoding = 4; lastKnownFileType = sourcecode.c.h; path = HomeTableviewController.h; sourceTree = "<group>"; };
		091087341F43E1C50083B241 /* HomeTableviewController.m */ = {isa = PBXFileReference; fileEncoding = 4; lastKnownFileType = sourcecode.c.objc; path = HomeTableviewController.m; sourceTree = "<group>"; };
		091087351F43E1C50083B241 /* ShareViewController.h */ = {isa = PBXFileReference; fileEncoding = 4; lastKnownFileType = sourcecode.c.h; path = ShareViewController.h; sourceTree = "<group>"; };
		091087361F43E1C50083B241 /* ShareViewController.m */ = {isa = PBXFileReference; fileEncoding = 4; lastKnownFileType = sourcecode.c.objc; path = ShareViewController.m; sourceTree = "<group>"; };
		091087391F43E2EE0083B241 /* KeyChianViewController.h */ = {isa = PBXFileReference; fileEncoding = 4; lastKnownFileType = sourcecode.c.h; path = KeyChianViewController.h; sourceTree = "<group>"; };
		0910873A1F43E2EE0083B241 /* KeyChianViewController.m */ = {isa = PBXFileReference; fileEncoding = 4; lastKnownFileType = sourcecode.c.objc; path = KeyChianViewController.m; sourceTree = "<group>"; };
		0910873D1F43E3B40083B241 /* KeyChianWrapper.h */ = {isa = PBXFileReference; fileEncoding = 4; lastKnownFileType = sourcecode.c.h; path = KeyChianWrapper.h; sourceTree = "<group>"; };
		0910873E1F43E3B40083B241 /* KeyChianWrapper.m */ = {isa = PBXFileReference; fileEncoding = 4; lastKnownFileType = sourcecode.c.objc; path = KeyChianWrapper.m; sourceTree = "<group>"; };
		091087401F43E3E30083B241 /* Security.framework */ = {isa = PBXFileReference; lastKnownFileType = wrapper.framework; name = Security.framework; path = System/Library/Frameworks/Security.framework; sourceTree = SDKROOT; };
		09CBBCBF1F3AD6E5008430C4 /* HXYStudyDemo.app */ = {isa = PBXFileReference; explicitFileType = wrapper.application; includeInIndex = 0; path = HXYStudyDemo.app; sourceTree = BUILT_PRODUCTS_DIR; };
		09CBBCC31F3AD6E5008430C4 /* main.m */ = {isa = PBXFileReference; lastKnownFileType = sourcecode.c.objc; path = main.m; sourceTree = "<group>"; };
		09CBBCC51F3AD6E5008430C4 /* AppDelegate.h */ = {isa = PBXFileReference; lastKnownFileType = sourcecode.c.h; path = AppDelegate.h; sourceTree = "<group>"; };
		09CBBCC61F3AD6E5008430C4 /* AppDelegate.m */ = {isa = PBXFileReference; lastKnownFileType = sourcecode.c.objc; path = AppDelegate.m; sourceTree = "<group>"; };
		09CBBCCC1F3AD6E5008430C4 /* Base */ = {isa = PBXFileReference; lastKnownFileType = file.storyboard; name = Base; path = Base.lproj/Main.storyboard; sourceTree = "<group>"; };
		09CBBCCE1F3AD6E5008430C4 /* Assets.xcassets */ = {isa = PBXFileReference; lastKnownFileType = folder.assetcatalog; path = Assets.xcassets; sourceTree = "<group>"; };
		09CBBCD11F3AD6E5008430C4 /* Base */ = {isa = PBXFileReference; lastKnownFileType = file.storyboard; name = Base; path = Base.lproj/LaunchScreen.storyboard; sourceTree = "<group>"; };
		09CBBCD31F3AD6E5008430C4 /* Info.plist */ = {isa = PBXFileReference; lastKnownFileType = text.plist.xml; path = Info.plist; sourceTree = "<group>"; };
		09CBBCDC1F3AD6E5008430C4 /* HXYStudyDemoTests.m */ = {isa = PBXFileReference; lastKnownFileType = sourcecode.c.objc; path = HXYStudyDemoTests.m; sourceTree = "<group>"; };
		09CBBCDE1F3AD6E5008430C4 /* Info.plist */ = {isa = PBXFileReference; lastKnownFileType = text.plist.xml; path = Info.plist; sourceTree = "<group>"; };
		09CBBCE71F3AD6E5008430C4 /* HXYStudyDemoUITests.m */ = {isa = PBXFileReference; lastKnownFileType = sourcecode.c.objc; path = HXYStudyDemoUITests.m; sourceTree = "<group>"; };
		09CBBCE91F3AD6E5008430C4 /* Info.plist */ = {isa = PBXFileReference; lastKnownFileType = text.plist.xml; path = Info.plist; sourceTree = "<group>"; };
		09CBBCFA1F3AD985008430C4 /* CustomNavController.h */ = {isa = PBXFileReference; fileEncoding = 4; lastKnownFileType = sourcecode.c.h; path = CustomNavController.h; sourceTree = "<group>"; };
		09CBBCFB1F3AD985008430C4 /* CustomNavController.m */ = {isa = PBXFileReference; fileEncoding = 4; lastKnownFileType = sourcecode.c.objc; path = CustomNavController.m; sourceTree = "<group>"; };
		09CBBD011F3ADA38008430C4 /* UIImage+LYZ.h */ = {isa = PBXFileReference; fileEncoding = 4; lastKnownFileType = sourcecode.c.h; path = "UIImage+LYZ.h"; sourceTree = "<group>"; };
		09CBBD021F3ADA38008430C4 /* UIImage+LYZ.m */ = {isa = PBXFileReference; fileEncoding = 4; lastKnownFileType = sourcecode.c.objc; path = "UIImage+LYZ.m"; sourceTree = "<group>"; };
		09CBBD041F3ADC2C008430C4 /* PrefixHeader.pch */ = {isa = PBXFileReference; lastKnownFileType = sourcecode.c.h; path = PrefixHeader.pch; sourceTree = "<group>"; };
		09CBBD051F3ADD23008430C4 /* Header.h */ = {isa = PBXFileReference; lastKnownFileType = sourcecode.c.h; path = Header.h; sourceTree = "<group>"; };
		3D7A98D17D8A9CDCBDF44120 /* Pods-HXYStudyDemo.debug.xcconfig */ = {isa = PBXFileReference; includeInIndex = 1; lastKnownFileType = text.xcconfig; name = "Pods-HXYStudyDemo.debug.xcconfig"; path = "Pods/Target Support Files/Pods-HXYStudyDemo/Pods-HXYStudyDemo.debug.xcconfig"; sourceTree = "<group>"; };
		C6EEC437F058591FF62A1AAF /* libPods-HXYStudyDemo.a */ = {isa = PBXFileReference; explicitFileType = archive.ar; includeInIndex = 0; path = "libPods-HXYStudyDemo.a"; sourceTree = BUILT_PRODUCTS_DIR; };
		D00659BFB56C39F8C43B8154 /* Pods-HXYStudyDemo.release.xcconfig */ = {isa = PBXFileReference; includeInIndex = 1; lastKnownFileType = text.xcconfig; name = "Pods-HXYStudyDemo.release.xcconfig"; path = "Pods/Target Support Files/Pods-HXYStudyDemo/Pods-HXYStudyDemo.release.xcconfig"; sourceTree = "<group>"; };
/* End PBXFileReference section */

/* Begin PBXFrameworksBuildPhase section */
		09CBBCBC1F3AD6E5008430C4 /* Frameworks */ = {
			isa = PBXFrameworksBuildPhase;
			buildActionMask = 2147483647;
			files = (
				091087411F43E3E30083B241 /* Security.framework in Frameworks */,
				A2057447035917EF5947EE21 /* libPods-HXYStudyDemo.a in Frameworks */,
			);
			runOnlyForDeploymentPostprocessing = 0;
		};
/* End PBXFrameworksBuildPhase section */

/* Begin PBXGroup section */
		091087221F43DBA20083B241 /* RootView */ = {
			isa = PBXGroup;
			children = (
				091087231F43DBA20083B241 /* Controller */,
				091087261F43DBA20083B241 /* Model */,
				091087271F43DBA20083B241 /* View */,
			);
			path = RootView;
			sourceTree = "<group>";
		};
		091087231F43DBA20083B241 /* Controller */ = {
			isa = PBXGroup;
			children = (
			);
			path = Controller;
			sourceTree = "<group>";
		};
		091087261F43DBA20083B241 /* Model */ = {
			isa = PBXGroup;
			children = (
			);
			path = Model;
			sourceTree = "<group>";
		};
		091087271F43DBA20083B241 /* View */ = {
			isa = PBXGroup;
			children = (
			);
			path = View;
			sourceTree = "<group>";
		};
		091087291F43DBB70083B241 /* HomeView */ = {
			isa = PBXGroup;
			children = (
				0910872A1F43DBB70083B241 /* Controller */,
				0910872D1F43DBB70083B241 /* Model */,
				0910873C1F43E3830083B241 /* Other */,
				0910872E1F43DBB70083B241 /* View */,
			);
			path = HomeView;
			sourceTree = "<group>";
		};
		0910872A1F43DBB70083B241 /* Controller */ = {
			isa = PBXGroup;
			children = (
				091087331F43E1C50083B241 /* HomeTableviewController.h */,
				091087341F43E1C50083B241 /* HomeTableviewController.m */,
				091087351F43E1C50083B241 /* ShareViewController.h */,
				091087361F43E1C50083B241 /* ShareViewController.m */,
				091087391F43E2EE0083B241 /* KeyChianViewController.h */,
				0910873A1F43E2EE0083B241 /* KeyChianViewController.m */,
			);
			path = Controller;
			sourceTree = "<group>";
		};
		0910872D1F43DBB70083B241 /* Model */ = {
			isa = PBXGroup;
			children = (
			);
			path = Model;
			sourceTree = "<group>";
		};
		0910872E1F43DBB70083B241 /* View */ = {
			isa = PBXGroup;
			children = (
			);
			path = View;
			sourceTree = "<group>";
		};
		0910873C1F43E3830083B241 /* Other */ = {
			isa = PBXGroup;
			children = (
				0910873D1F43E3B40083B241 /* KeyChianWrapper.h */,
				0910873E1F43E3B40083B241 /* KeyChianWrapper.m */,
			);
			path = Other;
			sourceTree = "<group>";
		};
		09CBBCB61F3AD6E5008430C4 = {
			isa = PBXGroup;
			children = (
				09CBBCF91F3AD955008430C4 /* Custom */,
				09CBBCC11F3AD6E5008430C4 /* HXYStudyDemo */,
				09CBBCDB1F3AD6E5008430C4 /* HXYStudyDemoTests */,
				09CBBCE61F3AD6E5008430C4 /* HXYStudyDemoUITests */,
				09CBBCC01F3AD6E5008430C4 /* Products */,
				BC380EDCA8074E6E1FEB98AF /* Pods */,
				0C3FFC3DAF07816935FA71CC /* Frameworks */,
			);
			sourceTree = "<group>";
		};
		09CBBCC01F3AD6E5008430C4 /* Products */ = {
			isa = PBXGroup;
			children = (
				09CBBCBF1F3AD6E5008430C4 /* HXYStudyDemo.app */,
			);
			name = Products;
			sourceTree = "<group>";
		};
		09CBBCC11F3AD6E5008430C4 /* HXYStudyDemo */ = {
			isa = PBXGroup;
			children = (
				091087291F43DBB70083B241 /* HomeView */,
				091087221F43DBA20083B241 /* RootView */,
				09CBBCC51F3AD6E5008430C4 /* AppDelegate.h */,
				09CBBCC61F3AD6E5008430C4 /* AppDelegate.m */,
				09CBBCCB1F3AD6E5008430C4 /* Main.storyboard */,
				09CBBCCE1F3AD6E5008430C4 /* Assets.xcassets */,
				09CBBCD01F3AD6E5008430C4 /* LaunchScreen.storyboard */,
				09CBBCD31F3AD6E5008430C4 /* Info.plist */,
				09CBBCC21F3AD6E5008430C4 /* Supporting Files */,
			);
			path = HXYStudyDemo;
			sourceTree = "<group>";
		};
		09CBBCC21F3AD6E5008430C4 /* Supporting Files */ = {
			isa = PBXGroup;
			children = (
				09CBBCC31F3AD6E5008430C4 /* main.m */,
				09CBBD041F3ADC2C008430C4 /* PrefixHeader.pch */,
				09CBBD051F3ADD23008430C4 /* Header.h */,
			);
			name = "Supporting Files";
			sourceTree = "<group>";
		};
		09CBBCDB1F3AD6E5008430C4 /* HXYStudyDemoTests */ = {
			isa = PBXGroup;
			children = (
				09CBBCDC1F3AD6E5008430C4 /* HXYStudyDemoTests.m */,
				09CBBCDE1F3AD6E5008430C4 /* Info.plist */,
			);
			path = HXYStudyDemoTests;
			sourceTree = "<group>";
		};
		09CBBCE61F3AD6E5008430C4 /* HXYStudyDemoUITests */ = {
			isa = PBXGroup;
			children = (
				09CBBCE71F3AD6E5008430C4 /* HXYStudyDemoUITests.m */,
				09CBBCE91F3AD6E5008430C4 /* Info.plist */,
			);
			path = HXYStudyDemoUITests;
			sourceTree = "<group>";
		};
		09CBBCF91F3AD955008430C4 /* Custom */ = {
			isa = PBXGroup;
			children = (
				09CBBD001F3ADA38008430C4 /* Category */,
				09CBBCFA1F3AD985008430C4 /* CustomNavController.h */,
				09CBBCFB1F3AD985008430C4 /* CustomNavController.m */,
			);
			name = Custom;
			path = HXYStudyDemo/Custom;
			sourceTree = "<group>";
		};
		09CBBD001F3ADA38008430C4 /* Category */ = {
			isa = PBXGroup;
			children = (
				09CBBD011F3ADA38008430C4 /* UIImage+LYZ.h */,
				09CBBD021F3ADA38008430C4 /* UIImage+LYZ.m */,
			);
			path = Category;
			sourceTree = "<group>";
		};
		0C3FFC3DAF07816935FA71CC /* Frameworks */ = {
			isa = PBXGroup;
			children = (
				091087401F43E3E30083B241 /* Security.framework */,
				C6EEC437F058591FF62A1AAF /* libPods-HXYStudyDemo.a */,
			);
			name = Frameworks;
			sourceTree = "<group>";
		};
		BC380EDCA8074E6E1FEB98AF /* Pods */ = {
			isa = PBXGroup;
			children = (
				3D7A98D17D8A9CDCBDF44120 /* Pods-HXYStudyDemo.debug.xcconfig */,
				D00659BFB56C39F8C43B8154 /* Pods-HXYStudyDemo.release.xcconfig */,
			);
			name = Pods;
			sourceTree = "<group>";
		};
/* End PBXGroup section */

/* Begin PBXNativeTarget section */
		09CBBCBE1F3AD6E5008430C4 /* HXYStudyDemo */ = {
			isa = PBXNativeTarget;
			buildConfigurationList = 09CBBCEC1F3AD6E5008430C4 /* Build configuration list for PBXNativeTarget "HXYStudyDemo" */;
			buildPhases = (
				98E2AC0083D3825E4BD4E5F3 /* [CP] Check Pods Manifest.lock */,
				09CBBCBB1F3AD6E5008430C4 /* Sources */,
				09CBBCBC1F3AD6E5008430C4 /* Frameworks */,
				09CBBCBD1F3AD6E5008430C4 /* Resources */,
				E99CA8128FD0080517295B65 /* [CP] Embed Pods Frameworks */,
				FD37629EA6603577429367D2 /* [CP] Copy Pods Resources */,
			);
			buildRules = (
			);
			dependencies = (
			);
			name = HXYStudyDemo;
			productName = HXYStudyDemo;
			productReference = 09CBBCBF1F3AD6E5008430C4 /* HXYStudyDemo.app */;
			productType = "com.apple.product-type.application";
		};
/* End PBXNativeTarget section */

/* Begin PBXProject section */
		09CBBCB71F3AD6E5008430C4 /* Project object */ = {
			isa = PBXProject;
			attributes = {
				LastUpgradeCheck = 0830;
				ORGANIZATIONNAME = TZSoft;
				TargetAttributes = {
					09CBBCBE1F3AD6E5008430C4 = {
						CreatedOnToolsVersion = 8.3;
						DevelopmentTeam = 3V5G3D6B57;
						ProvisioningStyle = Automatic;
					};
				};
			};
			buildConfigurationList = 09CBBCBA1F3AD6E5008430C4 /* Build configuration list for PBXProject "HXYStudyDemo" */;
			compatibilityVersion = "Xcode 3.2";
			developmentRegion = English;
			hasScannedForEncodings = 0;
			knownRegions = (
				en,
				Base,
			);
			mainGroup = 09CBBCB61F3AD6E5008430C4;
			productRefGroup = 09CBBCC01F3AD6E5008430C4 /* Products */;
			projectDirPath = "";
			projectRoot = "";
			targets = (
				09CBBCBE1F3AD6E5008430C4 /* HXYStudyDemo */,
			);
		};
/* End PBXProject section */

/* Begin PBXResourcesBuildPhase section */
		09CBBCBD1F3AD6E5008430C4 /* Resources */ = {
			isa = PBXResourcesBuildPhase;
			buildActionMask = 2147483647;
			files = (
				09CBBCD21F3AD6E5008430C4 /* LaunchScreen.storyboard in Resources */,
				09CBBCCF1F3AD6E5008430C4 /* Assets.xcassets in Resources */,
				09CBBCCD1F3AD6E5008430C4 /* Main.storyboard in Resources */,
			);
			runOnlyForDeploymentPostprocessing = 0;
		};
/* End PBXResourcesBuildPhase section */

/* Begin PBXShellScriptBuildPhase section */
		98E2AC0083D3825E4BD4E5F3 /* [CP] Check Pods Manifest.lock */ = {
			isa = PBXShellScriptBuildPhase;
			buildActionMask = 2147483647;
			files = (
			);
			inputPaths = (
			);
			name = "[CP] Check Pods Manifest.lock";
			outputPaths = (
			);
			runOnlyForDeploymentPostprocessing = 0;
			shellPath = /bin/sh;
			shellScript = "diff \"${PODS_PODFILE_DIR_PATH}/Podfile.lock\" \"${PODS_ROOT}/Manifest.lock\" > /dev/null\nif [ $? != 0 ] ; then\n    # print error to STDERR\n    echo \"error: The sandbox is not in sync with the Podfile.lock. Run 'pod install' or update your CocoaPods installation.\" >&2\n    exit 1\nfi\n";
			showEnvVarsInLog = 0;
		};
		E99CA8128FD0080517295B65 /* [CP] Embed Pods Frameworks */ = {
			isa = PBXShellScriptBuildPhase;
			buildActionMask = 2147483647;
			files = (
			);
			inputPaths = (
			);
			name = "[CP] Embed Pods Frameworks";
			outputPaths = (
			);
			runOnlyForDeploymentPostprocessing = 0;
			shellPath = /bin/sh;
			shellScript = "\"${SRCROOT}/Pods/Target Support Files/Pods-HXYStudyDemo/Pods-HXYStudyDemo-frameworks.sh\"\n";
			showEnvVarsInLog = 0;
		};
		FD37629EA6603577429367D2 /* [CP] Copy Pods Resources */ = {
			isa = PBXShellScriptBuildPhase;
			buildActionMask = 2147483647;
			files = (
			);
			inputPaths = (
			);
			name = "[CP] Copy Pods Resources";
			outputPaths = (
			);
			runOnlyForDeploymentPostprocessing = 0;
			shellPath = /bin/sh;
			shellScript = "\"${SRCROOT}/Pods/Target Support Files/Pods-HXYStudyDemo/Pods-HXYStudyDemo-resources.sh\"\n";
			showEnvVarsInLog = 0;
		};
/* End PBXShellScriptBuildPhase section */

/* Begin PBXSourcesBuildPhase section */
		09CBBCBB1F3AD6E5008430C4 /* Sources */ = {
			isa = PBXSourcesBuildPhase;
			buildActionMask = 2147483647;
			files = (
				09CBBCFC1F3AD985008430C4 /* CustomNavController.m in Sources */,
				09CBBCC71F3AD6E5008430C4 /* AppDelegate.m in Sources */,
				091087381F43E1C50083B241 /* ShareViewController.m in Sources */,
				0910873B1F43E2EE0083B241 /* KeyChianViewController.m in Sources */,
				09CBBD031F3ADA38008430C4 /* UIImage+LYZ.m in Sources */,
				09CBBCC41F3AD6E5008430C4 /* main.m in Sources */,
				0910873F1F43E3B40083B241 /* KeyChianWrapper.m in Sources */,
				091087371F43E1C50083B241 /* HomeTableviewController.m in Sources */,
			);
			runOnlyForDeploymentPostprocessing = 0;
		};
/* End PBXSourcesBuildPhase section */

/* Begin PBXVariantGroup section */
		09CBBCCB1F3AD6E5008430C4 /* Main.storyboard */ = {
			isa = PBXVariantGroup;
			children = (
				09CBBCCC1F3AD6E5008430C4 /* Base */,
			);
			name = Main.storyboard;
			sourceTree = "<group>";
		};
		09CBBCD01F3AD6E5008430C4 /* LaunchScreen.storyboard */ = {
			isa = PBXVariantGroup;
			children = (
				09CBBCD11F3AD6E5008430C4 /* Base */,
			);
			name = LaunchScreen.storyboard;
			sourceTree = "<group>";
		};
/* End PBXVariantGroup section */

/* Begin XCBuildConfiguration section */
		09CBBCEA1F3AD6E5008430C4 /* Debug */ = {
			isa = XCBuildConfiguration;
			buildSettings = {
				ALWAYS_SEARCH_USER_PATHS = NO;
				CLANG_ANALYZER_NONNULL = YES;
				CLANG_ANALYZER_NUMBER_OBJECT_CONVERSION = YES_AGGRESSIVE;
				CLANG_CXX_LANGUAGE_STANDARD = "gnu++0x";
				CLANG_CXX_LIBRARY = "libc++";
				CLANG_ENABLE_MODULES = YES;
				CLANG_ENABLE_OBJC_ARC = YES;
				CLANG_WARN_BOOL_CONVERSION = YES;
				CLANG_WARN_CONSTANT_CONVERSION = YES;
				CLANG_WARN_DIRECT_OBJC_ISA_USAGE = YES_ERROR;
				CLANG_WARN_DOCUMENTATION_COMMENTS = YES;
				CLANG_WARN_EMPTY_BODY = YES;
				CLANG_WARN_ENUM_CONVERSION = YES;
				CLANG_WARN_INFINITE_RECURSION = YES;
				CLANG_WARN_INT_CONVERSION = YES;
				CLANG_WARN_OBJC_ROOT_CLASS = YES_ERROR;
				CLANG_WARN_SUSPICIOUS_MOVE = YES;
				CLANG_WARN_UNREACHABLE_CODE = YES;
				CLANG_WARN__DUPLICATE_METHOD_MATCH = YES;
				"CODE_SIGN_IDENTITY[sdk=iphoneos*]" = "iPhone Developer";
				COPY_PHASE_STRIP = NO;
				DEBUG_INFORMATION_FORMAT = dwarf;
				ENABLE_STRICT_OBJC_MSGSEND = YES;
				ENABLE_TESTABILITY = YES;
				GCC_C_LANGUAGE_STANDARD = gnu99;
				GCC_DYNAMIC_NO_PIC = NO;
				GCC_NO_COMMON_BLOCKS = YES;
				GCC_OPTIMIZATION_LEVEL = 0;
				GCC_PREPROCESSOR_DEFINITIONS = (
					"DEBUG=1",
					"$(inherited)",
				);
				GCC_WARN_64_TO_32_BIT_CONVERSION = YES;
				GCC_WARN_ABOUT_RETURN_TYPE = YES_ERROR;
				GCC_WARN_UNDECLARED_SELECTOR = YES;
				GCC_WARN_UNINITIALIZED_AUTOS = YES_AGGRESSIVE;
				GCC_WARN_UNUSED_FUNCTION = YES;
				GCC_WARN_UNUSED_VARIABLE = YES;
				IPHONEOS_DEPLOYMENT_TARGET = 8.0;
				MTL_ENABLE_DEBUG_INFO = YES;
				ONLY_ACTIVE_ARCH = YES;
				SDKROOT = iphoneos;
				TARGETED_DEVICE_FAMILY = "1,2";
			};
			name = Debug;
		};
		09CBBCEB1F3AD6E5008430C4 /* Release */ = {
			isa = XCBuildConfiguration;
			buildSettings = {
				ALWAYS_SEARCH_USER_PATHS = NO;
				CLANG_ANALYZER_NONNULL = YES;
				CLANG_ANALYZER_NUMBER_OBJECT_CONVERSION = YES_AGGRESSIVE;
				CLANG_CXX_LANGUAGE_STANDARD = "gnu++0x";
				CLANG_CXX_LIBRARY = "libc++";
				CLANG_ENABLE_MODULES = YES;
				CLANG_ENABLE_OBJC_ARC = YES;
				CLANG_WARN_BOOL_CONVERSION = YES;
				CLANG_WARN_CONSTANT_CONVERSION = YES;
				CLANG_WARN_DIRECT_OBJC_ISA_USAGE = YES_ERROR;
				CLANG_WARN_DOCUMENTATION_COMMENTS = YES;
				CLANG_WARN_EMPTY_BODY = YES;
				CLANG_WARN_ENUM_CONVERSION = YES;
				CLANG_WARN_INFINITE_RECURSION = YES;
				CLANG_WARN_INT_CONVERSION = YES;
				CLANG_WARN_OBJC_ROOT_CLASS = YES_ERROR;
				CLANG_WARN_SUSPICIOUS_MOVE = YES;
				CLANG_WARN_UNREACHABLE_CODE = YES;
				CLANG_WARN__DUPLICATE_METHOD_MATCH = YES;
				"CODE_SIGN_IDENTITY[sdk=iphoneos*]" = "iPhone Developer";
				COPY_PHASE_STRIP = NO;
				DEBUG_INFORMATION_FORMAT = "dwarf-with-dsym";
				ENABLE_NS_ASSERTIONS = NO;
				ENABLE_STRICT_OBJC_MSGSEND = YES;
				GCC_C_LANGUAGE_STANDARD = gnu99;
				GCC_NO_COMMON_BLOCKS = YES;
				GCC_WARN_64_TO_32_BIT_CONVERSION = YES;
				GCC_WARN_ABOUT_RETURN_TYPE = YES_ERROR;
				GCC_WARN_UNDECLARED_SELECTOR = YES;
				GCC_WARN_UNINITIALIZED_AUTOS = YES_AGGRESSIVE;
				GCC_WARN_UNUSED_FUNCTION = YES;
				GCC_WARN_UNUSED_VARIABLE = YES;
				IPHONEOS_DEPLOYMENT_TARGET = 8.0;
				MTL_ENABLE_DEBUG_INFO = NO;
				SDKROOT = iphoneos;
				TARGETED_DEVICE_FAMILY = "1,2";
				VALIDATE_PRODUCT = YES;
			};
			name = Release;
		};
		09CBBCED1F3AD6E5008430C4 /* Debug */ = {
			isa = XCBuildConfiguration;
			baseConfigurationReference = 3D7A98D17D8A9CDCBDF44120 /* Pods-HXYStudyDemo.debug.xcconfig */;
			buildSettings = {
				ASSETCATALOG_COMPILER_APPICON_NAME = AppIcon;
				DEVELOPMENT_TEAM = 3V5G3D6B57;
				ENABLE_BITCODE = NO;
				GCC_PREFIX_HEADER = "$(SRCROOT)/HXYStudyDemo/PrefixHeader.pch";
				INFOPLIST_FILE = HXYStudyDemo/Info.plist;
				IPHONEOS_DEPLOYMENT_TARGET = 8.0;
				LD_RUNPATH_SEARCH_PATHS = "$(inherited) @executable_path/Frameworks";
				LIBRARY_SEARCH_PATHS = (
					"$(inherited)",
					"\"$PODS_CONFIGURATION_BUILD_DIR/AFNetworking\"",
					"$(inherited)",
					"\"${PODS_ROOT}/UMengUShare/UShareSDK/UMSocialSDKPlugin\"",
					"$(inherited)",
					"\"${PODS_ROOT}/UMengUShare/UShareSDK/SocialLibraries/UniqueId\"",
					"$(inherited)",
					"\"${PODS_ROOT}/UMengUShare/UShareSDK/SocialLibraries/AlipayShare\"",
					"$(inherited)",
					"\"${PODS_ROOT}/UMengUShare/UShareSDK/SocialLibraries/DingDing\"",
					"$(inherited)",
					"\"${PODS_ROOT}/UMengUShare/UShareSDK/SocialLibraries/Douban\"",
					"$(inherited)",
					"\"${PODS_ROOT}/UMengUShare/UShareSDK/SocialLibraries/DropBox\"",
					"$(inherited)",
					"\"${PODS_ROOT}/UMengUShare/UShareSDK/SocialLibraries/Email\"",
					"$(inherited)",
					"\"${PODS_ROOT}/UMengUShare/UShareSDK/SocialLibraries/EverNote\"",
					"$(inherited)",
					"\"${PODS_ROOT}/UMengUShare/UShareSDK/SocialLibraries/Facebook\"",
					"$(inherited)",
					"\"${PODS_ROOT}/UMengUShare/UShareSDK/SocialLibraries/Flickr\"",
					"$(inherited)",
					"\"${PODS_ROOT}/UMengUShare/UShareSDK/SocialLibraries/GooglePlus\"",
					"$(inherited)",
					"\"${PODS_ROOT}/UMengUShare/UShareSDK/SocialLibraries/Instagram\"",
					"$(inherited)",
					"\"${PODS_ROOT}/UMengUShare/UShareSDK/SocialLibraries/Kakao\"",
					"$(inherited)",
					"\"${PODS_ROOT}/UMengUShare/UShareSDK/SocialLibraries/LaiWang\"",
					"$(inherited)",
					"\"${PODS_ROOT}/UMengUShare/UShareSDK/SocialLibraries/Line\"",
					"$(inherited)",
					"\"${PODS_ROOT}/UMengUShare/UShareSDK/SocialLibraries/Linkedin\"",
					"$(inherited)",
					"\"${PODS_ROOT}/UMengUShare/UShareSDK/SocialLibraries/Pinterest\"",
					"$(inherited)",
					"\"${PODS_ROOT}/UMengUShare/UShareSDK/SocialLibraries/Pocket\"",
					"$(inherited)",
					"\"${PODS_ROOT}/UMengUShare/UShareSDK/SocialLibraries/QQ\"",
					"$(inherited)",
					"\"${PODS_ROOT}/UMengUShare/UShareSDK/SocialLibraries/Sina\"",
					"$(inherited)",
					"\"${PODS_ROOT}/UMengUShare/UShareSDK/SocialLibraries/WeChat\"",
					"$(inherited)",
					"\"${PODS_ROOT}/UMengUShare/UShareSDK/SocialLibraries/Renren\"",
					"$(inherited)",
					"\"${PODS_ROOT}/UMengUShare/UShareSDK/SocialLibraries/SMS\"",
					"$(inherited)",
					"\"${PODS_ROOT}/UMengUShare/UShareSDK/SocialLibraries/Sina/SinaSDK\"",
					"$(inherited)",
					"\"${PODS_ROOT}/UMengUShare/UShareSDK/SocialLibraries/TencentWeibo\"",
					"$(inherited)",
					"\"${PODS_ROOT}/UMengUShare/UShareSDK/SocialLibraries/Tumblr\"",
					"$(inherited)",
					"\"${PODS_ROOT}/UMengUShare/UShareSDK/SocialLibraries/Twitter\"",
					"$(inherited)",
					"\"${PODS_ROOT}/UMengUShare/UShareSDK/SocialLibraries/VKontakte\"",
					"$(inherited)",
					"\"${PODS_ROOT}/UMengUShare/UShareSDK/SocialLibraries/WeChat/WechatSDK\"",
					"$(inherited)",
					"\"${PODS_ROOT}/UMengUShare/UShareSDK/SocialLibraries/WhatsApp\"",
					"$(inherited)",
					"\"${PODS_ROOT}/UMengUShare/UShareSDK/SocialLibraries/YiXin\"",
					"$(inherited)",
					"\"${PODS_ROOT}/UMengUShare/UShareSDK/SocialLibraries/YouDao\"",
					"$(SRCROOT)",
				);
				PRODUCT_BUNDLE_IDENTIFIER = com.kjkj.jydoctor;
				PRODUCT_NAME = "$(TARGET_NAME)";
			};
			name = Debug;
		};
		09CBBCEE1F3AD6E5008430C4 /* Release */ = {
			isa = XCBuildConfiguration;
			baseConfigurationReference = D00659BFB56C39F8C43B8154 /* Pods-HXYStudyDemo.release.xcconfig */;
			buildSettings = {
				ASSETCATALOG_COMPILER_APPICON_NAME = AppIcon;
				DEVELOPMENT_TEAM = 3V5G3D6B57;
				ENABLE_BITCODE = NO;
				GCC_PREFIX_HEADER = "$(SRCROOT)/HXYStudyDemo/PrefixHeader.pch";
				INFOPLIST_FILE = HXYStudyDemo/Info.plist;
				IPHONEOS_DEPLOYMENT_TARGET = 8.0;
				LD_RUNPATH_SEARCH_PATHS = "$(inherited) @executable_path/Frameworks";
				LIBRARY_SEARCH_PATHS = (
					"$(inherited)",
					"\"$PODS_CONFIGURATION_BUILD_DIR/AFNetworking\"",
					"$(inherited)",
					"\"${PODS_ROOT}/UMengUShare/UShareSDK/UMSocialSDKPlugin\"",
					"$(inherited)",
					"\"${PODS_ROOT}/UMengUShare/UShareSDK/SocialLibraries/UniqueId\"",
					"$(inherited)",
					"\"${PODS_ROOT}/UMengUShare/UShareSDK/SocialLibraries/AlipayShare\"",
					"$(inherited)",
					"\"${PODS_ROOT}/UMengUShare/UShareSDK/SocialLibraries/DingDing\"",
					"$(inherited)",
					"\"${PODS_ROOT}/UMengUShare/UShareSDK/SocialLibraries/Douban\"",
					"$(inherited)",
					"\"${PODS_ROOT}/UMengUShare/UShareSDK/SocialLibraries/DropBox\"",
					"$(inherited)",
					"\"${PODS_ROOT}/UMengUShare/UShareSDK/SocialLibraries/Email\"",
					"$(inherited)",
					"\"${PODS_ROOT}/UMengUShare/UShareSDK/SocialLibraries/EverNote\"",
					"$(inherited)",
					"\"${PODS_ROOT}/UMengUShare/UShareSDK/SocialLibraries/Facebook\"",
					"$(inherited)",
					"\"${PODS_ROOT}/UMengUShare/UShareSDK/SocialLibraries/Flickr\"",
					"$(inherited)",
					"\"${PODS_ROOT}/UMengUShare/UShareSDK/SocialLibraries/GooglePlus\"",
					"$(inherited)",
					"\"${PODS_ROOT}/UMengUShare/UShareSDK/SocialLibraries/Instagram\"",
					"$(inherited)",
					"\"${PODS_ROOT}/UMengUShare/UShareSDK/SocialLibraries/Kakao\"",
					"$(inherited)",
					"\"${PODS_ROOT}/UMengUShare/UShareSDK/SocialLibraries/LaiWang\"",
					"$(inherited)",
					"\"${PODS_ROOT}/UMengUShare/UShareSDK/SocialLibraries/Line\"",
					"$(inherited)",
					"\"${PODS_ROOT}/UMengUShare/UShareSDK/SocialLibraries/Linkedin\"",
					"$(inherited)",
					"\"${PODS_ROOT}/UMengUShare/UShareSDK/SocialLibraries/Pinterest\"",
					"$(inherited)",
					"\"${PODS_ROOT}/UMengUShare/UShareSDK/SocialLibraries/Pocket\"",
					"$(inherited)",
					"\"${PODS_ROOT}/UMengUShare/UShareSDK/SocialLibraries/QQ\"",
					"$(inherited)",
					"\"${PODS_ROOT}/UMengUShare/UShareSDK/SocialLibraries/Sina\"",
					"$(inherited)",
					"\"${PODS_ROOT}/UMengUShare/UShareSDK/SocialLibraries/WeChat\"",
					"$(inherited)",
					"\"${PODS_ROOT}/UMengUShare/UShareSDK/SocialLibraries/Renren\"",
					"$(inherited)",
					"\"${PODS_ROOT}/UMengUShare/UShareSDK/SocialLibraries/SMS\"",
					"$(inherited)",
					"\"${PODS_ROOT}/UMengUShare/UShareSDK/SocialLibraries/Sina/SinaSDK\"",
					"$(inherited)",
					"\"${PODS_ROOT}/UMengUShare/UShareSDK/SocialLibraries/TencentWeibo\"",
					"$(inherited)",
					"\"${PODS_ROOT}/UMengUShare/UShareSDK/SocialLibraries/Tumblr\"",
					"$(inherited)",
					"\"${PODS_ROOT}/UMengUShare/UShareSDK/SocialLibraries/Twitter\"",
					"$(inherited)",
					"\"${PODS_ROOT}/UMengUShare/UShareSDK/SocialLibraries/VKontakte\"",
					"$(inherited)",
					"\"${PODS_ROOT}/UMengUShare/UShareSDK/SocialLibraries/WeChat/WechatSDK\"",
					"$(inherited)",
					"\"${PODS_ROOT}/UMengUShare/UShareSDK/SocialLibraries/WhatsApp\"",
					"$(inherited)",
					"\"${PODS_ROOT}/UMengUShare/UShareSDK/SocialLibraries/YiXin\"",
					"$(inherited)",
					"\"${PODS_ROOT}/UMengUShare/UShareSDK/SocialLibraries/YouDao\"",
					"$(SRCROOT)",
				);
				PRODUCT_BUNDLE_IDENTIFIER = com.kjkj.jydoctor;
				PRODUCT_NAME = "$(TARGET_NAME)";
			};
			name = Release;
		};
/* End XCBuildConfiguration section */

/* Begin XCConfigurationList section */
		09CBBCBA1F3AD6E5008430C4 /* Build configuration list for PBXProject "HXYStudyDemo" */ = {
			isa = XCConfigurationList;
			buildConfigurations = (
				09CBBCEA1F3AD6E5008430C4 /* Debug */,
				09CBBCEB1F3AD6E5008430C4 /* Release */,
			);
			defaultConfigurationIsVisible = 0;
			defaultConfigurationName = Release;
		};
		09CBBCEC1F3AD6E5008430C4 /* Build configuration list for PBXNativeTarget "HXYStudyDemo" */ = {
			isa = XCConfigurationList;
			buildConfigurations = (
				09CBBCED1F3AD6E5008430C4 /* Debug */,
				09CBBCEE1F3AD6E5008430C4 /* Release */,
			);
			defaultConfigurationIsVisible = 0;
			defaultConfigurationName = Release;
		};
/* End XCConfigurationList section */
	};
	rootObject = 09CBBCB71F3AD6E5008430C4 /* Project object */;
}
